PODS:
  - Capacitor (7.0.1):
    - CapacitorCordova
  - CapacitorClipboard (7.0.1):
    - Capacitor
  - CapacitorCordova (7.0.1)
  - CapacitorDevice (7.0.1):
    - Capacitor

DEPENDENCIES:
  - "Capacitor (from `../../../node_modules/@capacitor/ios`)"
  - "CapacitorClipboard (from `../../../node_modules/@capacitor/clipboard`)"
  - "CapacitorCordova (from `../../../node_modules/@capacitor/ios`)"
  - "CapacitorDevice (from `../../../node_modules/@capacitor/device`)"

EXTERNAL SOURCES:
  Capacitor:
    :path: "../../../node_modules/@capacitor/ios"
  CapacitorClipboard:
    :path: "../../../node_modules/@capacitor/clipboard"
  CapacitorCordova:
    :path: "../../../node_modules/@capacitor/ios"
  CapacitorDevice:
    :path: "../../../node_modules/@capacitor/device"

SPEC CHECKSUMS:
  Capacitor: de199cba6c8b20995428ad0b7cb0bc6ca625ffd4
  CapacitorClipboard: 70bfdb42b877b320a6e511ab94fa7a6a55d57ecb
  CapacitorCordova: 63d476958d5022d76f197031e8b7ea3519988c64
  CapacitorDevice: c6f6d587dd310527f8a48bf09c4e7b4a4cf14329

PODFILE CHECKSUM: f7bc0c2013605d1ab375cd05ba59531915443225

COCOAPODS: 1.16.2
